// !$*UTF8*$!
{
	archiveVersion = 1;
	classes = {
	};
	objectVersion = 46;
	objects = {

/* Begin PBXBuildFile section */
		C7058FC01AA1936F0098CF61 /* AppDelegate.swift in Sources */ = {isa = PBXBuildFile; fileRef = C7058FBF1AA1936F0098CF61 /* AppDelegate.swift */; };
		C7058FC71AA1936F0098CF61 /* Images.xcassets in Resources */ = {isa = PBXBuildFile; fileRef = C7058FC61AA1936F0098CF61 /* Images.xcassets */; };
		C7058FCA1AA1936F0098CF61 /* LaunchScreen.xib in Resources */ = {isa = PBXBuildFile; fileRef = C7058FC81AA1936F0098CF61 /* LaunchScreen.xib */; };
		C7058FD61AA1936F0098CF61 /* PleebTests.swift in Sources */ = {isa = PBXBuildFile; fileRef = C7058FD51AA1936F0098CF61 /* PleebTests.swift */; };
		C7058FE11AA193D10098CF61 /* ExampleDrawerVisualStateManager.swift in Sources */ = {isa = PBXBuildFile; fileRef = C7058FE01AA193D10098CF61 /* ExampleDrawerVisualStateManager.swift */; };
		C7058FE31AA194200098CF61 /* ExampleViewController.swift in Sources */ = {isa = PBXBuildFile; fileRef = C7058FE21AA194200098CF61 /* ExampleViewController.swift */; };
		C7058FE51AA1942E0098CF61 /* MapViewController.swift in Sources */ = {isa = PBXBuildFile; fileRef = C7058FE41AA1942E0098CF61 /* MapViewController.swift */; };
		C7058FED1AA194920098CF61 /* TableViewCell.swift in Sources */ = {isa = PBXBuildFile; fileRef = C7058FEC1AA194920098CF61 /* TableViewCell.swift */; };
		C7058FEF1AA194A70098CF61 /* SideDrawerTableViewCell.swift in Sources */ = {isa = PBXBuildFile; fileRef = C7058FEE1AA194A70098CF61 /* SideDrawerTableViewCell.swift */; };
		C7058FF11AA194B80098CF61 /* CenterTableViewCell.swift in Sources */ = {isa = PBXBuildFile; fileRef = C7058FF01AA194B80098CF61 /* CenterTableViewCell.swift */; };
		C7058FF31AA194C90098CF61 /* SideDrawerSectionHeaderView.swift in Sources */ = {isa = PBXBuildFile; fileRef = C7058FF21AA194C90098CF61 /* SideDrawerSectionHeaderView.swift */; };
		C7058FF51AA194FF0098CF61 /* AnimatedMenuButton.swift in Sources */ = {isa = PBXBuildFile; fileRef = C7058FF41AA194FF0098CF61 /* AnimatedMenuButton.swift */; };
		C7058FF71AA1952A0098CF61 /* DrawerBarButtonItem.swift in Sources */ = {isa = PBXBuildFile; fileRef = C7058FF61AA1952A0098CF61 /* DrawerBarButtonItem.swift */; };
		C7058FF91AA1953A0098CF61 /* DrawerController.swift in Sources */ = {isa = PBXBuildFile; fileRef = C7058FF81AA1953A0098CF61 /* DrawerController.swift */; };
		C7058FFB1AA1954B0098CF61 /* DrawerVisualState.swift in Sources */ = {isa = PBXBuildFile; fileRef = C7058FFA1AA1954B0098CF61 /* DrawerVisualState.swift */; };
		C70590011AA195DC0098CF61 /* TBQuadTree.m in Sources */ = {isa = PBXBuildFile; fileRef = C70590001AA195DC0098CF61 /* TBQuadTree.m */; };
		C70590041AA1967C0098CF61 /* TBCoordinateQuadTree.m in Sources */ = {isa = PBXBuildFile; fileRef = C70590031AA1967C0098CF61 /* TBCoordinateQuadTree.m */; };
		C70590071AA196A60098CF61 /* TBClusterAnnotation.m in Sources */ = {isa = PBXBuildFile; fileRef = C70590061AA196A60098CF61 /* TBClusterAnnotation.m */; };
		C705900A1AA196C70098CF61 /* TBClusterAnnotationView.m in Sources */ = {isa = PBXBuildFile; fileRef = C70590091AA196C70098CF61 /* TBClusterAnnotationView.m */; };
		C70592E41AA1979A0098CF61 /* location_button.png in Resources */ = {isa = PBXBuildFile; fileRef = C705922E1AA1979A0098CF61 /* location_button.png */; };
		C70592E51AA1979A0098CF61 /* location_button@2x.png in Resources */ = {isa = PBXBuildFile; fileRef = C705922F1AA1979A0098CF61 /* location_button@2x.png */; };
		C70592E91AA197DC0098CF61 /* libc++.dylib in Frameworks */ = {isa = PBXBuildFile; fileRef = C70592E81AA197DC0098CF61 /* libc++.dylib */; };
		C70592ED1AA198290098CF61 /* SwiftyJSON.swift in Sources */ = {isa = PBXBuildFile; fileRef = C70592EC1AA198290098CF61 /* SwiftyJSON.swift */; };
		C70592FA1AA198830098CF61 /* Alamofire.framework in Copy Frameworks */ = {isa = PBXBuildFile; fileRef = C70592F41AA1984B0098CF61 /* Alamofire.framework */; settings = {ATTRIBUTES = (CodeSignOnCopy, RemoveHeadersOnCopy, ); }; };
		C70592FD1AA199020098CF61 /* Model.swift in Sources */ = {isa = PBXBuildFile; fileRef = C70592FC1AA199020098CF61 /* Model.swift */; };
		C70644151ABE3B06003CD7A4 /* TagButtonTableViewCell.swift in Sources */ = {isa = PBXBuildFile; fileRef = C70644141ABE3B06003CD7A4 /* TagButtonTableViewCell.swift */; };
		C70644181ABF8964003CD7A4 /* CreateTagViewCell.swift in Sources */ = {isa = PBXBuildFile; fileRef = C70644171ABF8964003CD7A4 /* CreateTagViewCell.swift */; };
		C706441A1AC0974B003CD7A4 /* TheListViewController.swift in Sources */ = {isa = PBXBuildFile; fileRef = C70644191AC0974B003CD7A4 /* TheListViewController.swift */; };
		C706441E1AC0D18C003CD7A4 /* TagSelectorTableView.swift in Sources */ = {isa = PBXBuildFile; fileRef = C706441D1AC0D18C003CD7A4 /* TagSelectorTableView.swift */; };
		C70644221AC49991003CD7A4 /* CreateUsernameView.swift in Sources */ = {isa = PBXBuildFile; fileRef = C70644211AC49991003CD7A4 /* CreateUsernameView.swift */; };
		C7087D351AC6A22B003E5930 /* SettingsViewController.swift in Sources */ = {isa = PBXBuildFile; fileRef = C7087D341AC6A22B003E5930 /* SettingsViewController.swift */; };
		C7087D3B1ACB7002003E5930 /* SwiftAddressBookWrapper.swift in Sources */ = {isa = PBXBuildFile; fileRef = C7087D3A1ACB7002003E5930 /* SwiftAddressBookWrapper.swift */; };
		C7087D421ACB707A003E5930 /* SwiftAddressBookDataStructures.swift in Sources */ = {isa = PBXBuildFile; fileRef = C7087D3C1ACB707A003E5930 /* SwiftAddressBookDataStructures.swift */; };
		C7087D431ACB707A003E5930 /* SwiftAddressBookGroup.swift in Sources */ = {isa = PBXBuildFile; fileRef = C7087D3D1ACB707A003E5930 /* SwiftAddressBookGroup.swift */; };
		C7087D441ACB707A003E5930 /* SwiftAddressBookHelperMethods.swift in Sources */ = {isa = PBXBuildFile; fileRef = C7087D3E1ACB707A003E5930 /* SwiftAddressBookHelperMethods.swift */; };
		C7087D451ACB707A003E5930 /* SwiftAddressBookPerson.swift in Sources */ = {isa = PBXBuildFile; fileRef = C7087D3F1ACB707A003E5930 /* SwiftAddressBookPerson.swift */; };
		C7087D461ACB707A003E5930 /* SwiftAddressBookRecord.swift in Sources */ = {isa = PBXBuildFile; fileRef = C7087D401ACB707A003E5930 /* SwiftAddressBookRecord.swift */; };
		C7087D471ACB707A003E5930 /* SwiftAddressBookSource.swift in Sources */ = {isa = PBXBuildFile; fileRef = C7087D411ACB707A003E5930 /* SwiftAddressBookSource.swift */; };
		C7087D4A1ACE1488003E5930 /* left.png in Resources */ = {isa = PBXBuildFile; fileRef = C7087D481ACE1488003E5930 /* left.png */; };
		C7087D4B1ACE1488003E5930 /* left@2x.png in Resources */ = {isa = PBXBuildFile; fileRef = C7087D491ACE1488003E5930 /* left@2x.png */; };
		C7087D4E1ACE1554003E5930 /* right.png in Resources */ = {isa = PBXBuildFile; fileRef = C7087D4C1ACE1554003E5930 /* right.png */; };
		C7087D4F1ACE1554003E5930 /* right@2x.png in Resources */ = {isa = PBXBuildFile; fileRef = C7087D4D1ACE1554003E5930 /* right@2x.png */; };
		C7087D541ACE281A003E5930 /* deny.png in Resources */ = {isa = PBXBuildFile; fileRef = C7087D501ACE281A003E5930 /* deny.png */; };
		C7087D551ACE281A003E5930 /* deny@2x.png in Resources */ = {isa = PBXBuildFile; fileRef = C7087D511ACE281A003E5930 /* deny@2x.png */; };
		C7087D561ACE281A003E5930 /* accept.png in Resources */ = {isa = PBXBuildFile; fileRef = C7087D521ACE281A003E5930 /* accept.png */; };
		C7087D571ACE281A003E5930 /* accept@2x.png in Resources */ = {isa = PBXBuildFile; fileRef = C7087D531ACE281A003E5930 /* accept@2x.png */; };
		C7087D5A1ACE30DA003E5930 /* flip.png in Resources */ = {isa = PBXBuildFile; fileRef = C7087D581ACE30DA003E5930 /* flip.png */; };
		C7087D5B1ACE30DA003E5930 /* future@2x.png in Resources */ = {isa = PBXBuildFile; fileRef = C7087D591ACE30DA003E5930 /* future@2x.png */; };
		C7087D5D1ACF3678003E5930 /* SearchBarView.swift in Sources */ = {isa = PBXBuildFile; fileRef = C7087D5C1ACF3678003E5930 /* SearchBarView.swift */; };
		C7087D601ACF3FAE003E5930 /* searchIcon.png in Resources */ = {isa = PBXBuildFile; fileRef = C7087D5E1ACF3FAE003E5930 /* searchIcon.png */; };
		C7087D611ACF3FAE003E5930 /* searchIcon@2x.png in Resources */ = {isa = PBXBuildFile; fileRef = C7087D5F1ACF3FAE003E5930 /* searchIcon@2x.png */; };
		C7087D631ACF5BBF003E5930 /* TagSelectorView.swift in Sources */ = {isa = PBXBuildFile; fileRef = C7087D621ACF5BBF003E5930 /* TagSelectorView.swift */; };
		C7087D651AD0CA53003E5930 /* TagButtonViewCell.swift in Sources */ = {isa = PBXBuildFile; fileRef = C7087D641AD0CA53003E5930 /* TagButtonViewCell.swift */; };
		C7087D671AD0CEA9003E5930 /* ContactButtonTableViewCell.swift in Sources */ = {isa = PBXBuildFile; fileRef = C7087D661AD0CEA9003E5930 /* ContactButtonTableViewCell.swift */; };
		C73EA01F1AA1BA9900BB7A80 /* SignUpLoginViewController.swift in Sources */ = {isa = PBXBuildFile; fileRef = C73EA01E1AA1BA9900BB7A80 /* SignUpLoginViewController.swift */; };
		C743C18C1AA1C2F800F13735 /* LoginOrDrawerController.swift in Sources */ = {isa = PBXBuildFile; fileRef = C743C18B1AA1C2F800F13735 /* LoginOrDrawerController.swift */; };
		C7ADAA3B1AAD054000AD7510 /* ilovevista.png in Resources */ = {isa = PBXBuildFile; fileRef = C7ADAA391AAD054000AD7510 /* ilovevista.png */; };
		C7ADAA3C1AAD054000AD7510 /* ilovevista@2x.png in Resources */ = {isa = PBXBuildFile; fileRef = C7ADAA3A1AAD054000AD7510 /* ilovevista@2x.png */; };
		C7B32DDC1AD1EB6F00424863 /* RLMSupport.swift in Sources */ = {isa = PBXBuildFile; fileRef = C7B32DDB1AD1EB6F00424863 /* RLMSupport.swift */; };
		C7B32DDD1AD1EC8C00424863 /* Realm.framework in Frameworks */ = {isa = PBXBuildFile; fileRef = C7B32DD81AD1EB1B00424863 /* Realm.framework */; };
		C7B413A91ABE0EE400FD47EF /* TagSelectorViewController.swift in Sources */ = {isa = PBXBuildFile; fileRef = C7B413A81ABE0EE400FD47EF /* TagSelectorViewController.swift */; };
		C7EF20421AC52C58007781F0 /* LeaderBoardTagCell.swift in Sources */ = {isa = PBXBuildFile; fileRef = C7EF20411AC52C58007781F0 /* LeaderBoardTagCell.swift */; };
/* End PBXBuildFile section */

/* Begin PBXContainerItemProxy section */
		C7058FD01AA1936F0098CF61 /* PBXContainerItemProxy */ = {
			isa = PBXContainerItemProxy;
			containerPortal = C7058FB21AA1936F0098CF61 /* Project object */;
			proxyType = 1;
			remoteGlobalIDString = C7058FB91AA1936F0098CF61;
			remoteInfo = Pleeb;
		};
		C70592F31AA1984B0098CF61 /* PBXContainerItemProxy */ = {
			isa = PBXContainerItemProxy;
			containerPortal = C70592EE1AA1984B0098CF61 /* Alamofire.xcodeproj */;
			proxyType = 2;
			remoteGlobalIDString = F8111E3319A95C8B0040E7D1;
			remoteInfo = "Alamofire iOS";
		};
		C70592F51AA1984B0098CF61 /* PBXContainerItemProxy */ = {
			isa = PBXContainerItemProxy;
			containerPortal = C70592EE1AA1984B0098CF61 /* Alamofire.xcodeproj */;
			proxyType = 2;
			remoteGlobalIDString = F8111E3E19A95C8B0040E7D1;
			remoteInfo = "Alamofire iOS Tests";
		};
		C70592F71AA198630098CF61 /* PBXContainerItemProxy */ = {
			isa = PBXContainerItemProxy;
			containerPortal = C70592EE1AA1984B0098CF61 /* Alamofire.xcodeproj */;
			proxyType = 1;
			remoteGlobalIDString = F8111E3219A95C8B0040E7D1;
			remoteInfo = "Alamofire iOS";
		};
/* End PBXContainerItemProxy section */

/* Begin PBXCopyFilesBuildPhase section */
		C70592F91AA198730098CF61 /* Copy Frameworks */ = {
			isa = PBXCopyFilesBuildPhase;
			buildActionMask = 2147483647;
			dstPath = "";
			dstSubfolderSpec = 10;
			files = (
				C70592FA1AA198830098CF61 /* Alamofire.framework in Copy Frameworks */,
			);
			name = "Copy Frameworks";
			runOnlyForDeploymentPostprocessing = 0;
		};
/* End PBXCopyFilesBuildPhase section */

/* Begin PBXFileReference section */
		C7058FBA1AA1936F0098CF61 /* Livv.app */ = {isa = PBXFileReference; explicitFileType = wrapper.application; includeInIndex = 0; path = Livv.app; sourceTree = BUILT_PRODUCTS_DIR; };
		C7058FBE1AA1936F0098CF61 /* Info.plist */ = {isa = PBXFileReference; lastKnownFileType = text.plist.xml; path = Info.plist; sourceTree = "<group>"; };
		C7058FBF1AA1936F0098CF61 /* AppDelegate.swift */ = {isa = PBXFileReference; lastKnownFileType = sourcecode.swift; path = AppDelegate.swift; sourceTree = "<group>"; };
		C7058FC61AA1936F0098CF61 /* Images.xcassets */ = {isa = PBXFileReference; lastKnownFileType = folder.assetcatalog; path = Images.xcassets; sourceTree = "<group>"; };
		C7058FC91AA1936F0098CF61 /* Base */ = {isa = PBXFileReference; lastKnownFileType = file.xib; name = Base; path = Base.lproj/LaunchScreen.xib; sourceTree = "<group>"; };
		C7058FCF1AA1936F0098CF61 /* PleebTests.xctest */ = {isa = PBXFileReference; explicitFileType = wrapper.cfbundle; includeInIndex = 0; path = PleebTests.xctest; sourceTree = BUILT_PRODUCTS_DIR; };
		C7058FD41AA1936F0098CF61 /* Info.plist */ = {isa = PBXFileReference; lastKnownFileType = text.plist.xml; path = Info.plist; sourceTree = "<group>"; };
		C7058FD51AA1936F0098CF61 /* PleebTests.swift */ = {isa = PBXFileReference; lastKnownFileType = sourcecode.swift; path = PleebTests.swift; sourceTree = "<group>"; };
		C7058FE01AA193D10098CF61 /* ExampleDrawerVisualStateManager.swift */ = {isa = PBXFileReference; fileEncoding = 4; lastKnownFileType = sourcecode.swift; path = ExampleDrawerVisualStateManager.swift; sourceTree = "<group>"; };
		C7058FE21AA194200098CF61 /* ExampleViewController.swift */ = {isa = PBXFileReference; fileEncoding = 4; lastKnownFileType = sourcecode.swift; path = ExampleViewController.swift; sourceTree = "<group>"; };
		C7058FE41AA1942E0098CF61 /* MapViewController.swift */ = {isa = PBXFileReference; fileEncoding = 4; lastKnownFileType = sourcecode.swift; path = MapViewController.swift; sourceTree = "<group>"; };
		C7058FEC1AA194920098CF61 /* TableViewCell.swift */ = {isa = PBXFileReference; fileEncoding = 4; lastKnownFileType = sourcecode.swift; path = TableViewCell.swift; sourceTree = "<group>"; };
		C7058FEE1AA194A70098CF61 /* SideDrawerTableViewCell.swift */ = {isa = PBXFileReference; fileEncoding = 4; lastKnownFileType = sourcecode.swift; path = SideDrawerTableViewCell.swift; sourceTree = "<group>"; };
		C7058FF01AA194B80098CF61 /* CenterTableViewCell.swift */ = {isa = PBXFileReference; fileEncoding = 4; lastKnownFileType = sourcecode.swift; path = CenterTableViewCell.swift; sourceTree = "<group>"; };
		C7058FF21AA194C90098CF61 /* SideDrawerSectionHeaderView.swift */ = {isa = PBXFileReference; fileEncoding = 4; lastKnownFileType = sourcecode.swift; path = SideDrawerSectionHeaderView.swift; sourceTree = "<group>"; };
		C7058FF41AA194FF0098CF61 /* AnimatedMenuButton.swift */ = {isa = PBXFileReference; fileEncoding = 4; lastKnownFileType = sourcecode.swift; path = AnimatedMenuButton.swift; sourceTree = "<group>"; };
		C7058FF61AA1952A0098CF61 /* DrawerBarButtonItem.swift */ = {isa = PBXFileReference; fileEncoding = 4; lastKnownFileType = sourcecode.swift; path = DrawerBarButtonItem.swift; sourceTree = "<group>"; };
		C7058FF81AA1953A0098CF61 /* DrawerController.swift */ = {isa = PBXFileReference; fileEncoding = 4; lastKnownFileType = sourcecode.swift; path = DrawerController.swift; sourceTree = "<group>"; };
		C7058FFA1AA1954B0098CF61 /* DrawerVisualState.swift */ = {isa = PBXFileReference; fileEncoding = 4; lastKnownFileType = sourcecode.swift; path = DrawerVisualState.swift; sourceTree = "<group>"; };
		C7058FFE1AA195BE0098CF61 /* TBQuadTree.h */ = {isa = PBXFileReference; lastKnownFileType = sourcecode.c.h; path = TBQuadTree.h; sourceTree = "<group>"; };
		C7058FFF1AA195DC0098CF61 /* Pleeb-Bridging-Header.h */ = {isa = PBXFileReference; lastKnownFileType = sourcecode.c.h; path = "Pleeb-Bridging-Header.h"; sourceTree = "<group>"; };
		C70590001AA195DC0098CF61 /* TBQuadTree.m */ = {isa = PBXFileReference; fileEncoding = 4; lastKnownFileType = sourcecode.c.objc; path = TBQuadTree.m; sourceTree = "<group>"; };
		C70590021AA1964C0098CF61 /* TBCoordinateQuadTree.h */ = {isa = PBXFileReference; lastKnownFileType = sourcecode.c.h; path = TBCoordinateQuadTree.h; sourceTree = "<group>"; };
		C70590031AA1967C0098CF61 /* TBCoordinateQuadTree.m */ = {isa = PBXFileReference; fileEncoding = 4; lastKnownFileType = sourcecode.c.objc; path = TBCoordinateQuadTree.m; sourceTree = "<group>"; };
		C70590051AA1969E0098CF61 /* TBClusterAnnotation.h */ = {isa = PBXFileReference; lastKnownFileType = sourcecode.c.h; path = TBClusterAnnotation.h; sourceTree = "<group>"; };
		C70590061AA196A60098CF61 /* TBClusterAnnotation.m */ = {isa = PBXFileReference; fileEncoding = 4; lastKnownFileType = sourcecode.c.objc; path = TBClusterAnnotation.m; sourceTree = "<group>"; };
		C70590081AA196C00098CF61 /* TBClusterAnnotationView.h */ = {isa = PBXFileReference; lastKnownFileType = sourcecode.c.h; path = TBClusterAnnotationView.h; sourceTree = "<group>"; };
		C70590091AA196C70098CF61 /* TBClusterAnnotationView.m */ = {isa = PBXFileReference; fileEncoding = 4; lastKnownFileType = sourcecode.c.objc; path = TBClusterAnnotationView.m; sourceTree = "<group>"; };
		C705922E1AA1979A0098CF61 /* location_button.png */ = {isa = PBXFileReference; lastKnownFileType = image.png; path = location_button.png; sourceTree = "<group>"; };
		C705922F1AA1979A0098CF61 /* location_button@2x.png */ = {isa = PBXFileReference; lastKnownFileType = image.png; path = "location_button@2x.png"; sourceTree = "<group>"; };
		C70592E81AA197DC0098CF61 /* libc++.dylib */ = {isa = PBXFileReference; lastKnownFileType = "compiled.mach-o.dylib"; name = "libc++.dylib"; path = "usr/lib/libc++.dylib"; sourceTree = SDKROOT; };
		C70592EC1AA198290098CF61 /* SwiftyJSON.swift */ = {isa = PBXFileReference; fileEncoding = 4; lastKnownFileType = sourcecode.swift; name = SwiftyJSON.swift; path = ../../SwiftyJSON/Source/SwiftyJSON.swift; sourceTree = "<group>"; };
		C70592EE1AA1984B0098CF61 /* Alamofire.xcodeproj */ = {isa = PBXFileReference; lastKnownFileType = "wrapper.pb-project"; name = Alamofire.xcodeproj; path = ../../Alamofire/Alamofire.xcodeproj; sourceTree = "<group>"; };
		C70592FC1AA199020098CF61 /* Model.swift */ = {isa = PBXFileReference; fileEncoding = 4; lastKnownFileType = sourcecode.swift; path = Model.swift; sourceTree = "<group>"; };
		C70644141ABE3B06003CD7A4 /* TagButtonTableViewCell.swift */ = {isa = PBXFileReference; fileEncoding = 4; lastKnownFileType = sourcecode.swift; path = TagButtonTableViewCell.swift; sourceTree = "<group>"; };
		C70644171ABF8964003CD7A4 /* CreateTagViewCell.swift */ = {isa = PBXFileReference; fileEncoding = 4; lastKnownFileType = sourcecode.swift; path = CreateTagViewCell.swift; sourceTree = "<group>"; };
		C70644191AC0974B003CD7A4 /* TheListViewController.swift */ = {isa = PBXFileReference; fileEncoding = 4; lastKnownFileType = sourcecode.swift; path = TheListViewController.swift; sourceTree = "<group>"; };
		C706441D1AC0D18C003CD7A4 /* TagSelectorTableView.swift */ = {isa = PBXFileReference; fileEncoding = 4; lastKnownFileType = sourcecode.swift; path = TagSelectorTableView.swift; sourceTree = "<group>"; };
		C70644211AC49991003CD7A4 /* CreateUsernameView.swift */ = {isa = PBXFileReference; fileEncoding = 4; lastKnownFileType = sourcecode.swift; path = CreateUsernameView.swift; sourceTree = "<group>"; };
		C7087D341AC6A22B003E5930 /* SettingsViewController.swift */ = {isa = PBXFileReference; fileEncoding = 4; lastKnownFileType = sourcecode.swift; path = SettingsViewController.swift; sourceTree = "<group>"; };
		C7087D3A1ACB7002003E5930 /* SwiftAddressBookWrapper.swift */ = {isa = PBXFileReference; fileEncoding = 4; lastKnownFileType = sourcecode.swift; name = SwiftAddressBookWrapper.swift; path = ../../SwiftAddressBook/Pod/Classes/SwiftAddressBookWrapper.swift; sourceTree = "<group>"; };
		C7087D3C1ACB707A003E5930 /* SwiftAddressBookDataStructures.swift */ = {isa = PBXFileReference; fileEncoding = 4; lastKnownFileType = sourcecode.swift; name = SwiftAddressBookDataStructures.swift; path = ../../SwiftAddressBook/Pod/Classes/SwiftAddressBookDataStructures.swift; sourceTree = "<group>"; };
		C7087D3D1ACB707A003E5930 /* SwiftAddressBookGroup.swift */ = {isa = PBXFileReference; fileEncoding = 4; lastKnownFileType = sourcecode.swift; name = SwiftAddressBookGroup.swift; path = ../../SwiftAddressBook/Pod/Classes/SwiftAddressBookGroup.swift; sourceTree = "<group>"; };
		C7087D3E1ACB707A003E5930 /* SwiftAddressBookHelperMethods.swift */ = {isa = PBXFileReference; fileEncoding = 4; lastKnownFileType = sourcecode.swift; name = SwiftAddressBookHelperMethods.swift; path = ../../SwiftAddressBook/Pod/Classes/SwiftAddressBookHelperMethods.swift; sourceTree = "<group>"; };
		C7087D3F1ACB707A003E5930 /* SwiftAddressBookPerson.swift */ = {isa = PBXFileReference; fileEncoding = 4; lastKnownFileType = sourcecode.swift; name = SwiftAddressBookPerson.swift; path = ../../SwiftAddressBook/Pod/Classes/SwiftAddressBookPerson.swift; sourceTree = "<group>"; };
		C7087D401ACB707A003E5930 /* SwiftAddressBookRecord.swift */ = {isa = PBXFileReference; fileEncoding = 4; lastKnownFileType = sourcecode.swift; name = SwiftAddressBookRecord.swift; path = ../../SwiftAddressBook/Pod/Classes/SwiftAddressBookRecord.swift; sourceTree = "<group>"; };
		C7087D411ACB707A003E5930 /* SwiftAddressBookSource.swift */ = {isa = PBXFileReference; fileEncoding = 4; lastKnownFileType = sourcecode.swift; name = SwiftAddressBookSource.swift; path = ../../SwiftAddressBook/Pod/Classes/SwiftAddressBookSource.swift; sourceTree = "<group>"; };
		C7087D481ACE1488003E5930 /* left.png */ = {isa = PBXFileReference; lastKnownFileType = image.png; name = left.png; path = ../../../../left.png; sourceTree = "<group>"; };
		C7087D491ACE1488003E5930 /* left@2x.png */ = {isa = PBXFileReference; lastKnownFileType = image.png; name = "left@2x.png"; path = "../../../../left@2x.png"; sourceTree = "<group>"; };
		C7087D4C1ACE1554003E5930 /* right.png */ = {isa = PBXFileReference; lastKnownFileType = image.png; name = right.png; path = ../../../../right.png; sourceTree = "<group>"; };
		C7087D4D1ACE1554003E5930 /* right@2x.png */ = {isa = PBXFileReference; lastKnownFileType = image.png; name = "right@2x.png"; path = "../../../../right@2x.png"; sourceTree = "<group>"; };
		C7087D501ACE281A003E5930 /* deny.png */ = {isa = PBXFileReference; lastKnownFileType = image.png; name = deny.png; path = ../../../../deny.png; sourceTree = "<group>"; };
		C7087D511ACE281A003E5930 /* deny@2x.png */ = {isa = PBXFileReference; lastKnownFileType = image.png; name = "deny@2x.png"; path = "../../../../deny@2x.png"; sourceTree = "<group>"; };
		C7087D521ACE281A003E5930 /* accept.png */ = {isa = PBXFileReference; lastKnownFileType = image.png; name = accept.png; path = ../../../../accept.png; sourceTree = "<group>"; };
		C7087D531ACE281A003E5930 /* accept@2x.png */ = {isa = PBXFileReference; lastKnownFileType = image.png; name = "accept@2x.png"; path = "../../../../accept@2x.png"; sourceTree = "<group>"; };
		C7087D581ACE30DA003E5930 /* flip.png */ = {isa = PBXFileReference; lastKnownFileType = image.png; name = flip.png; path = ../../../../flip.png; sourceTree = "<group>"; };
		C7087D591ACE30DA003E5930 /* future@2x.png */ = {isa = PBXFileReference; lastKnownFileType = image.png; name = "future@2x.png"; path = "../../../../future@2x.png"; sourceTree = "<group>"; };
		C7087D5C1ACF3678003E5930 /* SearchBarView.swift */ = {isa = PBXFileReference; fileEncoding = 4; lastKnownFileType = sourcecode.swift; path = SearchBarView.swift; sourceTree = "<group>"; };
		C7087D5E1ACF3FAE003E5930 /* searchIcon.png */ = {isa = PBXFileReference; lastKnownFileType = image.png; name = searchIcon.png; path = ../../../../searchIcon.png; sourceTree = "<group>"; };
		C7087D5F1ACF3FAE003E5930 /* searchIcon@2x.png */ = {isa = PBXFileReference; lastKnownFileType = image.png; name = "searchIcon@2x.png"; path = "../../../../searchIcon@2x.png"; sourceTree = "<group>"; };
		C7087D621ACF5BBF003E5930 /* TagSelectorView.swift */ = {isa = PBXFileReference; fileEncoding = 4; lastKnownFileType = sourcecode.swift; path = TagSelectorView.swift; sourceTree = "<group>"; };
		C7087D641AD0CA53003E5930 /* TagButtonViewCell.swift */ = {isa = PBXFileReference; fileEncoding = 4; lastKnownFileType = sourcecode.swift; path = TagButtonViewCell.swift; sourceTree = "<group>"; };
		C7087D661AD0CEA9003E5930 /* ContactButtonTableViewCell.swift */ = {isa = PBXFileReference; fileEncoding = 4; lastKnownFileType = sourcecode.swift; path = ContactButtonTableViewCell.swift; sourceTree = "<group>"; };
		C73EA01E1AA1BA9900BB7A80 /* SignUpLoginViewController.swift */ = {isa = PBXFileReference; fileEncoding = 4; lastKnownFileType = sourcecode.swift; name = SignUpLoginViewController.swift; path = "../../Sign-In-Controller/SIgnin/SignUpLoginViewController.swift"; sourceTree = "<group>"; };
		C743C18B1AA1C2F800F13735 /* LoginOrDrawerController.swift */ = {isa = PBXFileReference; fileEncoding = 4; lastKnownFileType = sourcecode.swift; path = LoginOrDrawerController.swift; sourceTree = "<group>"; };
		C7ADAA391AAD054000AD7510 /* ilovevista.png */ = {isa = PBXFileReference; lastKnownFileType = image.png; path = ilovevista.png; sourceTree = "<group>"; };
		C7ADAA3A1AAD054000AD7510 /* ilovevista@2x.png */ = {isa = PBXFileReference; lastKnownFileType = image.png; path = "ilovevista@2x.png"; sourceTree = "<group>"; };
		C7B32DD81AD1EB1B00424863 /* Realm.framework */ = {isa = PBXFileReference; lastKnownFileType = wrapper.framework; name = Realm.framework; path = "../../realm-cocoa/ios/Realm.framework"; sourceTree = "<group>"; };
		C7B32DDB1AD1EB6F00424863 /* RLMSupport.swift */ = {isa = PBXFileReference; fileEncoding = 4; lastKnownFileType = sourcecode.swift; name = RLMSupport.swift; path = "../../realm-cocoa/Swift/RLMSupport.swift"; sourceTree = "<group>"; };
		C7B413A81ABE0EE400FD47EF /* TagSelectorViewController.swift */ = {isa = PBXFileReference; fileEncoding = 4; lastKnownFileType = sourcecode.swift; path = TagSelectorViewController.swift; sourceTree = "<group>"; };
		C7EF20411AC52C58007781F0 /* LeaderBoardTagCell.swift */ = {isa = PBXFileReference; fileEncoding = 4; lastKnownFileType = sourcecode.swift; path = LeaderBoardTagCell.swift; sourceTree = "<group>"; };
/* End PBXFileReference section */

/* Begin PBXFrameworksBuildPhase section */
		C7058FB71AA1936F0098CF61 /* Frameworks */ = {
			isa = PBXFrameworksBuildPhase;
			buildActionMask = 2147483647;
			files = (
				C70592E91AA197DC0098CF61 /* libc++.dylib in Frameworks */,
				C7B32DDD1AD1EC8C00424863 /* Realm.framework in Frameworks */,
			);
			runOnlyForDeploymentPostprocessing = 0;
		};
		C7058FCC1AA1936F0098CF61 /* Frameworks */ = {
			isa = PBXFrameworksBuildPhase;
			buildActionMask = 2147483647;
			files = (
			);
			runOnlyForDeploymentPostprocessing = 0;
		};
/* End PBXFrameworksBuildPhase section */

/* Begin PBXGroup section */
		C7058FB11AA1936F0098CF61 = {
			isa = PBXGroup;
			children = (
				C70591781AA197350098CF61 /* Supporting Frameworks */,
				C7058FBC1AA1936F0098CF61 /* Livv */,
				C7058FD21AA1936F0098CF61 /* PleebTests */,
				C7058FBB1AA1936F0098CF61 /* Products */,
			);
			sourceTree = "<group>";
		};
		C7058FBB1AA1936F0098CF61 /* Products */ = {
			isa = PBXGroup;
			children = (
				C7058FBA1AA1936F0098CF61 /* Livv.app */,
				C7058FCF1AA1936F0098CF61 /* PleebTests.xctest */,
			);
			name = Products;
			sourceTree = "<group>";
		};
		C7058FBC1AA1936F0098CF61 /* Livv */ = {
			isa = PBXGroup;
			children = (
				C7058FBF1AA1936F0098CF61 /* AppDelegate.swift */,
				C70592FB1AA198EB0098CF61 /* Models */,
				C70591791AA1979A0098CF61 /* Support Images */,
				C7058FFD1AA195970098CF61 /* Annotations */,
				C7058FFC1AA1957F0098CF61 /* Drawer */,
				C73EA0111AA19F9F00BB7A80 /* Sign Up / Login */,
				C7058FC61AA1936F0098CF61 /* Images.xcassets */,
				C7058FC81AA1936F0098CF61 /* LaunchScreen.xib */,
				C7058FBD1AA1936F0098CF61 /* Supporting Files */,
			);
			name = Livv;
			path = Pleeb;
			sourceTree = "<group>";
		};
		C7058FBD1AA1936F0098CF61 /* Supporting Files */ = {
			isa = PBXGroup;
			children = (
				C7058FFF1AA195DC0098CF61 /* Pleeb-Bridging-Header.h */,
				C7058FBE1AA1936F0098CF61 /* Info.plist */,
			);
			name = "Supporting Files";
			sourceTree = "<group>";
		};
		C7058FD21AA1936F0098CF61 /* PleebTests */ = {
			isa = PBXGroup;
			children = (
				C7058FD51AA1936F0098CF61 /* PleebTests.swift */,
				C7058FD31AA1936F0098CF61 /* Supporting Files */,
			);
			path = PleebTests;
			sourceTree = "<group>";
		};
		C7058FD31AA1936F0098CF61 /* Supporting Files */ = {
			isa = PBXGroup;
			children = (
				C7058FD41AA1936F0098CF61 /* Info.plist */,
			);
			name = "Supporting Files";
			sourceTree = "<group>";
		};
		C7058FFC1AA1957F0098CF61 /* Drawer */ = {
			isa = PBXGroup;
			children = (
				C7058FE01AA193D10098CF61 /* ExampleDrawerVisualStateManager.swift */,
				C7058FE21AA194200098CF61 /* ExampleViewController.swift */,
				C70644191AC0974B003CD7A4 /* TheListViewController.swift */,
				C7087D341AC6A22B003E5930 /* SettingsViewController.swift */,
				C7058FE41AA1942E0098CF61 /* MapViewController.swift */,
				C7087D5C1ACF3678003E5930 /* SearchBarView.swift */,
				C70644171ABF8964003CD7A4 /* CreateTagViewCell.swift */,
				C706441D1AC0D18C003CD7A4 /* TagSelectorTableView.swift */,
				C7087D621ACF5BBF003E5930 /* TagSelectorView.swift */,
				C7087D661AD0CEA9003E5930 /* ContactButtonTableViewCell.swift */,
				C7087D641AD0CA53003E5930 /* TagButtonViewCell.swift */,
				C70644141ABE3B06003CD7A4 /* TagButtonTableViewCell.swift */,
				C7EF20411AC52C58007781F0 /* LeaderBoardTagCell.swift */,
				C7B413A81ABE0EE400FD47EF /* TagSelectorViewController.swift */,
				C7058FEC1AA194920098CF61 /* TableViewCell.swift */,
				C7058FEE1AA194A70098CF61 /* SideDrawerTableViewCell.swift */,
				C7058FF01AA194B80098CF61 /* CenterTableViewCell.swift */,
				C7058FF21AA194C90098CF61 /* SideDrawerSectionHeaderView.swift */,
				C7058FF41AA194FF0098CF61 /* AnimatedMenuButton.swift */,
				C7058FF61AA1952A0098CF61 /* DrawerBarButtonItem.swift */,
				C7058FF81AA1953A0098CF61 /* DrawerController.swift */,
				C743C18B1AA1C2F800F13735 /* LoginOrDrawerController.swift */,
				C7058FFA1AA1954B0098CF61 /* DrawerVisualState.swift */,
			);
			name = Drawer;
			sourceTree = "<group>";
		};
		C7058FFD1AA195970098CF61 /* Annotations */ = {
			isa = PBXGroup;
			children = (
				C7058FFE1AA195BE0098CF61 /* TBQuadTree.h */,
				C70590001AA195DC0098CF61 /* TBQuadTree.m */,
				C70590021AA1964C0098CF61 /* TBCoordinateQuadTree.h */,
				C70590031AA1967C0098CF61 /* TBCoordinateQuadTree.m */,
				C70590051AA1969E0098CF61 /* TBClusterAnnotation.h */,
				C70590061AA196A60098CF61 /* TBClusterAnnotation.m */,
				C70590081AA196C00098CF61 /* TBClusterAnnotationView.h */,
				C70590091AA196C70098CF61 /* TBClusterAnnotationView.m */,
			);
			name = Annotations;
			sourceTree = "<group>";
		};
		C70591781AA197350098CF61 /* Supporting Frameworks */ = {
			isa = PBXGroup;
			children = (
				C7B32DDB1AD1EB6F00424863 /* RLMSupport.swift */,
				C7B32DD81AD1EB1B00424863 /* Realm.framework */,
				C7087D3C1ACB707A003E5930 /* SwiftAddressBookDataStructures.swift */,
				C7087D3D1ACB707A003E5930 /* SwiftAddressBookGroup.swift */,
				C7087D3E1ACB707A003E5930 /* SwiftAddressBookHelperMethods.swift */,
				C7087D3F1ACB707A003E5930 /* SwiftAddressBookPerson.swift */,
				C7087D401ACB707A003E5930 /* SwiftAddressBookRecord.swift */,
				C7087D411ACB707A003E5930 /* SwiftAddressBookSource.swift */,
				C7087D3A1ACB7002003E5930 /* SwiftAddressBookWrapper.swift */,
				C70592EE1AA1984B0098CF61 /* Alamofire.xcodeproj */,
				C70592EC1AA198290098CF61 /* SwiftyJSON.swift */,
				C70592E81AA197DC0098CF61 /* libc++.dylib */,
			);
			name = "Supporting Frameworks";
			path = Pleeb;
			sourceTree = "<group>";
		};
		C70591791AA1979A0098CF61 /* Support Images */ = {
			isa = PBXGroup;
			children = (
				C7087D581ACE30DA003E5930 /* flip.png */,
				C7087D591ACE30DA003E5930 /* future@2x.png */,
				C7087D481ACE1488003E5930 /* left.png */,
				C7087D5E1ACF3FAE003E5930 /* searchIcon.png */,
				C7087D5F1ACF3FAE003E5930 /* searchIcon@2x.png */,
				C7087D4C1ACE1554003E5930 /* right.png */,
				C7087D4D1ACE1554003E5930 /* right@2x.png */,
				C7087D491ACE1488003E5930 /* left@2x.png */,
				C7087D501ACE281A003E5930 /* deny.png */,
				C7087D511ACE281A003E5930 /* deny@2x.png */,
				C7087D521ACE281A003E5930 /* accept.png */,
				C7087D531ACE281A003E5930 /* accept@2x.png */,
				C7ADAA391AAD054000AD7510 /* ilovevista.png */,
				C7ADAA3A1AAD054000AD7510 /* ilovevista@2x.png */,
				C705922E1AA1979A0098CF61 /* location_button.png */,
				C705922F1AA1979A0098CF61 /* location_button@2x.png */,
			);
			path = "Support Images";
			sourceTree = "<group>";
		};
		C70592EF1AA1984B0098CF61 /* Products */ = {
			isa = PBXGroup;
			children = (
				C70592F41AA1984B0098CF61 /* Alamofire.framework */,
				C70592F61AA1984B0098CF61 /* Alamofire iOS Tests.xctest */,
			);
			name = Products;
			sourceTree = "<group>";
		};
		C70592FB1AA198EB0098CF61 /* Models */ = {
			isa = PBXGroup;
			children = (
				C70592FC1AA199020098CF61 /* Model.swift */,
			);
			name = Models;
			sourceTree = "<group>";
		};
		C73EA0111AA19F9F00BB7A80 /* Sign Up / Login */ = {
			isa = PBXGroup;
			children = (
				C73EA01E1AA1BA9900BB7A80 /* SignUpLoginViewController.swift */,
				C70644211AC49991003CD7A4 /* CreateUsernameView.swift */,
			);
			name = "Sign Up / Login";
			sourceTree = "<group>";
		};
/* End PBXGroup section */

/* Begin PBXNativeTarget section */
		C7058FB91AA1936F0098CF61 /* Livv */ = {
			isa = PBXNativeTarget;
			buildConfigurationList = C7058FD91AA1936F0098CF61 /* Build configuration list for PBXNativeTarget "Livv" */;
			buildPhases = (
				C7058FB61AA1936F0098CF61 /* Sources */,
				C7058FB71AA1936F0098CF61 /* Frameworks */,
				C7058FB81AA1936F0098CF61 /* Resources */,
				C70592F91AA198730098CF61 /* Copy Frameworks */,
			);
			buildRules = (
			);
			dependencies = (
				C70592F81AA198630098CF61 /* PBXTargetDependency */,
			);
			name = Livv;
			productName = Pleeb;
			productReference = C7058FBA1AA1936F0098CF61 /* Livv.app */;
			productType = "com.apple.product-type.application";
		};
		C7058FCE1AA1936F0098CF61 /* PleebTests */ = {
			isa = PBXNativeTarget;
			buildConfigurationList = C7058FDC1AA1936F0098CF61 /* Build configuration list for PBXNativeTarget "PleebTests" */;
			buildPhases = (
				C7058FCB1AA1936F0098CF61 /* Sources */,
				C7058FCC1AA1936F0098CF61 /* Frameworks */,
				C7058FCD1AA1936F0098CF61 /* Resources */,
			);
			buildRules = (
			);
			dependencies = (
				C7058FD11AA1936F0098CF61 /* PBXTargetDependency */,
			);
			name = PleebTests;
			productName = PleebTests;
			productReference = C7058FCF1AA1936F0098CF61 /* PleebTests.xctest */;
			productType = "com.apple.product-type.bundle.unit-test";
		};
/* End PBXNativeTarget section */

/* Begin PBXProject section */
		C7058FB21AA1936F0098CF61 /* Project object */ = {
			isa = PBXProject;
			attributes = {
				LastUpgradeCheck = 0610;
				ORGANIZATIONNAME = "Brent Kirkland";
				TargetAttributes = {
					C7058FB91AA1936F0098CF61 = {
						CreatedOnToolsVersion = 6.1.1;
						DevelopmentTeam = BF98Z4WZZW;
						SystemCapabilities = {
							com.apple.DataProtection = {
								enabled = 1;
							};
						};
					};
					C7058FCE1AA1936F0098CF61 = {
						CreatedOnToolsVersion = 6.1.1;
						TestTargetID = C7058FB91AA1936F0098CF61;
					};
				};
			};
			buildConfigurationList = C7058FB51AA1936F0098CF61 /* Build configuration list for PBXProject "Pleeb" */;
			compatibilityVersion = "Xcode 3.2";
			developmentRegion = English;
			hasScannedForEncodings = 0;
			knownRegions = (
				en,
				Base,
			);
			mainGroup = C7058FB11AA1936F0098CF61;
			productRefGroup = C7058FBB1AA1936F0098CF61 /* Products */;
			projectDirPath = "";
			projectReferences = (
				{
					ProductGroup = C70592EF1AA1984B0098CF61 /* Products */;
					ProjectRef = C70592EE1AA1984B0098CF61 /* Alamofire.xcodeproj */;
				},
			);
			projectRoot = "";
			targets = (
				C7058FB91AA1936F0098CF61 /* Livv */,
				C7058FCE1AA1936F0098CF61 /* PleebTests */,
			);
		};
/* End PBXProject section */

/* Begin PBXReferenceProxy section */
		C70592F41AA1984B0098CF61 /* Alamofire.framework */ = {
			isa = PBXReferenceProxy;
			fileType = wrapper.framework;
			path = Alamofire.framework;
			remoteRef = C70592F31AA1984B0098CF61 /* PBXContainerItemProxy */;
			sourceTree = BUILT_PRODUCTS_DIR;
		};
		C70592F61AA1984B0098CF61 /* Alamofire iOS Tests.xctest */ = {
			isa = PBXReferenceProxy;
			fileType = wrapper.cfbundle;
			path = "Alamofire iOS Tests.xctest";
			remoteRef = C70592F51AA1984B0098CF61 /* PBXContainerItemProxy */;
			sourceTree = BUILT_PRODUCTS_DIR;
		};
/* End PBXReferenceProxy section */

/* Begin PBXResourcesBuildPhase section */
		C7058FB81AA1936F0098CF61 /* Resources */ = {
			isa = PBXResourcesBuildPhase;
			buildActionMask = 2147483647;
			files = (
				C7087D551ACE281A003E5930 /* deny@2x.png in Resources */,
				C7058FCA1AA1936F0098CF61 /* LaunchScreen.xib in Resources */,
				C7087D571ACE281A003E5930 /* accept@2x.png in Resources */,
				C7087D611ACF3FAE003E5930 /* searchIcon@2x.png in Resources */,
				C7ADAA3C1AAD054000AD7510 /* ilovevista@2x.png in Resources */,
				C70592E41AA1979A0098CF61 /* location_button.png in Resources */,
				C7087D5B1ACE30DA003E5930 /* future@2x.png in Resources */,
				C7087D4F1ACE1554003E5930 /* right@2x.png in Resources */,
				C7087D601ACF3FAE003E5930 /* searchIcon.png in Resources */,
				C7087D4E1ACE1554003E5930 /* right.png in Resources */,
				C7087D4B1ACE1488003E5930 /* left@2x.png in Resources */,
				C7ADAA3B1AAD054000AD7510 /* ilovevista.png in Resources */,
				C70592E51AA1979A0098CF61 /* location_button@2x.png in Resources */,
				C7087D561ACE281A003E5930 /* accept.png in Resources */,
				C7087D5A1ACE30DA003E5930 /* flip.png in Resources */,
				C7087D541ACE281A003E5930 /* deny.png in Resources */,
				C7087D4A1ACE1488003E5930 /* left.png in Resources */,
				C7058FC71AA1936F0098CF61 /* Images.xcassets in Resources */,
			);
			runOnlyForDeploymentPostprocessing = 0;
		};
		C7058FCD1AA1936F0098CF61 /* Resources */ = {
			isa = PBXResourcesBuildPhase;
			buildActionMask = 2147483647;
			files = (
			);
			runOnlyForDeploymentPostprocessing = 0;
		};
/* End PBXResourcesBuildPhase section */

/* Begin PBXSourcesBuildPhase section */
		C7058FB61AA1936F0098CF61 /* Sources */ = {
			isa = PBXSourcesBuildPhase;
			buildActionMask = 2147483647;
			files = (
				C70644181ABF8964003CD7A4 /* CreateTagViewCell.swift in Sources */,
				C7087D431ACB707A003E5930 /* SwiftAddressBookGroup.swift in Sources */,
				C7087D471ACB707A003E5930 /* SwiftAddressBookSource.swift in Sources */,
				C7EF20421AC52C58007781F0 /* LeaderBoardTagCell.swift in Sources */,
				C7087D441ACB707A003E5930 /* SwiftAddressBookHelperMethods.swift in Sources */,
				C7058FC01AA1936F0098CF61 /* AppDelegate.swift in Sources */,
				C706441A1AC0974B003CD7A4 /* TheListViewController.swift in Sources */,
				C7058FF71AA1952A0098CF61 /* DrawerBarButtonItem.swift in Sources */,
				C7058FEF1AA194A70098CF61 /* SideDrawerTableViewCell.swift in Sources */,
				C743C18C1AA1C2F800F13735 /* LoginOrDrawerController.swift in Sources */,
				C7087D351AC6A22B003E5930 /* SettingsViewController.swift in Sources */,
				C70644221AC49991003CD7A4 /* CreateUsernameView.swift in Sources */,
				C7087D671AD0CEA9003E5930 /* ContactButtonTableViewCell.swift in Sources */,
				C7087D631ACF5BBF003E5930 /* TagSelectorView.swift in Sources */,
				C7087D3B1ACB7002003E5930 /* SwiftAddressBookWrapper.swift in Sources */,
				C7087D451ACB707A003E5930 /* SwiftAddressBookPerson.swift in Sources */,
				C7058FF31AA194C90098CF61 /* SideDrawerSectionHeaderView.swift in Sources */,
				C7087D421ACB707A003E5930 /* SwiftAddressBookDataStructures.swift in Sources */,
				C7058FED1AA194920098CF61 /* TableViewCell.swift in Sources */,
				C70590071AA196A60098CF61 /* TBClusterAnnotation.m in Sources */,
				C7B413A91ABE0EE400FD47EF /* TagSelectorViewController.swift in Sources */,
				C705900A1AA196C70098CF61 /* TBClusterAnnotationView.m in Sources */,
				C7058FFB1AA1954B0098CF61 /* DrawerVisualState.swift in Sources */,
				C70644151ABE3B06003CD7A4 /* TagButtonTableViewCell.swift in Sources */,
				C7058FF91AA1953A0098CF61 /* DrawerController.swift in Sources */,
				C70590011AA195DC0098CF61 /* TBQuadTree.m in Sources */,
				C70592ED1AA198290098CF61 /* SwiftyJSON.swift in Sources */,
				C7B32DDC1AD1EB6F00424863 /* RLMSupport.swift in Sources */,
				C7058FE51AA1942E0098CF61 /* MapViewController.swift in Sources */,
				C73EA01F1AA1BA9900BB7A80 /* SignUpLoginViewController.swift in Sources */,
				C7058FF11AA194B80098CF61 /* CenterTableViewCell.swift in Sources */,
				C7087D461ACB707A003E5930 /* SwiftAddressBookRecord.swift in Sources */,
				C7058FE11AA193D10098CF61 /* ExampleDrawerVisualStateManager.swift in Sources */,
				C7087D651AD0CA53003E5930 /* TagButtonViewCell.swift in Sources */,
				C7058FE31AA194200098CF61 /* ExampleViewController.swift in Sources */,
				C7087D5D1ACF3678003E5930 /* SearchBarView.swift in Sources */,
				C70592FD1AA199020098CF61 /* Model.swift in Sources */,
				C7058FF51AA194FF0098CF61 /* AnimatedMenuButton.swift in Sources */,
				C706441E1AC0D18C003CD7A4 /* TagSelectorTableView.swift in Sources */,
				C70590041AA1967C0098CF61 /* TBCoordinateQuadTree.m in Sources */,
			);
			runOnlyForDeploymentPostprocessing = 0;
		};
		C7058FCB1AA1936F0098CF61 /* Sources */ = {
			isa = PBXSourcesBuildPhase;
			buildActionMask = 2147483647;
			files = (
				C7058FD61AA1936F0098CF61 /* PleebTests.swift in Sources */,
			);
			runOnlyForDeploymentPostprocessing = 0;
		};
/* End PBXSourcesBuildPhase section */

/* Begin PBXTargetDependency section */
		C7058FD11AA1936F0098CF61 /* PBXTargetDependency */ = {
			isa = PBXTargetDependency;
			target = C7058FB91AA1936F0098CF61 /* Livv */;
			targetProxy = C7058FD01AA1936F0098CF61 /* PBXContainerItemProxy */;
		};
		C70592F81AA198630098CF61 /* PBXTargetDependency */ = {
			isa = PBXTargetDependency;
			name = "Alamofire iOS";
			targetProxy = C70592F71AA198630098CF61 /* PBXContainerItemProxy */;
		};
/* End PBXTargetDependency section */

/* Begin PBXVariantGroup section */
		C7058FC81AA1936F0098CF61 /* LaunchScreen.xib */ = {
			isa = PBXVariantGroup;
			children = (
				C7058FC91AA1936F0098CF61 /* Base */,
			);
			name = LaunchScreen.xib;
			sourceTree = "<group>";
		};
/* End PBXVariantGroup section */

/* Begin XCBuildConfiguration section */
		C7058FD71AA1936F0098CF61 /* Debug */ = {
			isa = XCBuildConfiguration;
			buildSettings = {
				ALWAYS_SEARCH_USER_PATHS = NO;
				CLANG_CXX_LANGUAGE_STANDARD = "gnu++0x";
				CLANG_CXX_LIBRARY = "libc++";
				CLANG_ENABLE_MODULES = YES;
				CLANG_ENABLE_OBJC_ARC = YES;
				CLANG_WARN_BOOL_CONVERSION = YES;
				CLANG_WARN_CONSTANT_CONVERSION = YES;
				CLANG_WARN_DIRECT_OBJC_ISA_USAGE = YES_ERROR;
				CLANG_WARN_EMPTY_BODY = YES;
				CLANG_WARN_ENUM_CONVERSION = YES;
				CLANG_WARN_INT_CONVERSION = YES;
				CLANG_WARN_OBJC_ROOT_CLASS = YES_ERROR;
				CLANG_WARN_UNREACHABLE_CODE = YES;
				CLANG_WARN__DUPLICATE_METHOD_MATCH = YES;
				"CODE_SIGN_IDENTITY[sdk=iphoneos*]" = "iPhone Developer";
				COPY_PHASE_STRIP = NO;
				ENABLE_STRICT_OBJC_MSGSEND = YES;
				GCC_C_LANGUAGE_STANDARD = gnu99;
				GCC_DYNAMIC_NO_PIC = NO;
				GCC_OPTIMIZATION_LEVEL = 0;
				GCC_PREPROCESSOR_DEFINITIONS = (
					"DEBUG=1",
					"$(inherited)",
				);
				GCC_SYMBOLS_PRIVATE_EXTERN = NO;
				GCC_WARN_64_TO_32_BIT_CONVERSION = YES;
				GCC_WARN_ABOUT_RETURN_TYPE = YES_ERROR;
				GCC_WARN_UNDECLARED_SELECTOR = YES;
				GCC_WARN_UNINITIALIZED_AUTOS = YES_AGGRESSIVE;
				GCC_WARN_UNUSED_FUNCTION = YES;
				GCC_WARN_UNUSED_VARIABLE = YES;
				IPHONEOS_DEPLOYMENT_TARGET = 8.1;
				MTL_ENABLE_DEBUG_INFO = YES;
				ONLY_ACTIVE_ARCH = YES;
				SDKROOT = iphoneos;
				SWIFT_OPTIMIZATION_LEVEL = "-Onone";
			};
			name = Debug;
		};
		C7058FD81AA1936F0098CF61 /* Release */ = {
			isa = XCBuildConfiguration;
			buildSettings = {
				ALWAYS_SEARCH_USER_PATHS = NO;
				CLANG_CXX_LANGUAGE_STANDARD = "gnu++0x";
				CLANG_CXX_LIBRARY = "libc++";
				CLANG_ENABLE_MODULES = YES;
				CLANG_ENABLE_OBJC_ARC = YES;
				CLANG_WARN_BOOL_CONVERSION = YES;
				CLANG_WARN_CONSTANT_CONVERSION = YES;
				CLANG_WARN_DIRECT_OBJC_ISA_USAGE = YES_ERROR;
				CLANG_WARN_EMPTY_BODY = YES;
				CLANG_WARN_ENUM_CONVERSION = YES;
				CLANG_WARN_INT_CONVERSION = YES;
				CLANG_WARN_OBJC_ROOT_CLASS = YES_ERROR;
				CLANG_WARN_UNREACHABLE_CODE = YES;
				CLANG_WARN__DUPLICATE_METHOD_MATCH = YES;
				"CODE_SIGN_IDENTITY[sdk=iphoneos*]" = "iPhone Developer";
				COPY_PHASE_STRIP = YES;
				ENABLE_NS_ASSERTIONS = NO;
				ENABLE_STRICT_OBJC_MSGSEND = YES;
				GCC_C_LANGUAGE_STANDARD = gnu99;
				GCC_WARN_64_TO_32_BIT_CONVERSION = YES;
				GCC_WARN_ABOUT_RETURN_TYPE = YES_ERROR;
				GCC_WARN_UNDECLARED_SELECTOR = YES;
				GCC_WARN_UNINITIALIZED_AUTOS = YES_AGGRESSIVE;
				GCC_WARN_UNUSED_FUNCTION = YES;
				GCC_WARN_UNUSED_VARIABLE = YES;
				IPHONEOS_DEPLOYMENT_TARGET = 8.1;
				MTL_ENABLE_DEBUG_INFO = NO;
				SDKROOT = iphoneos;
				VALIDATE_PRODUCT = YES;
			};
			name = Release;
		};
		C7058FDA1AA1936F0098CF61 /* Debug */ = {
			isa = XCBuildConfiguration;
			buildSettings = {
				ASSETCATALOG_COMPILER_APPICON_NAME = AppIcon;
				CLANG_ENABLE_MODULES = YES;
				CODE_SIGN_IDENTITY = "iPhone Developer";
				"CODE_SIGN_IDENTITY[sdk=iphoneos*]" = "iPhone Developer";
				FRAMEWORK_SEARCH_PATHS = (
					"$(inherited)",
					"/Users/brentkirkland/Desktop/PLEEBVERSIONONE/realm-cocoa/build/ios",
					"/Users/brentkirkland/Desktop/PLEEBVERSIONONE/realm-cocoa/ios",
				);
				INFOPLIST_FILE = Pleeb/Info.plist;
				IPHONEOS_DEPLOYMENT_TARGET = 8.0;
				LD_RUNPATH_SEARCH_PATHS = "$(inherited) @executable_path/Frameworks";
				PRODUCT_NAME = "$(TARGET_NAME)";
				PROVISIONING_PROFILE = "";
				SWIFT_OBJC_BRIDGING_HEADER = "Pleeb/Pleeb-Bridging-Header.h";
				SWIFT_OPTIMIZATION_LEVEL = "-Onone";
				TARGETED_DEVICE_FAMILY = 1;
			};
			name = Debug;
		};
		C7058FDB1AA1936F0098CF61 /* Release */ = {
			isa = XCBuildConfiguration;
			buildSettings = {
				ASSETCATALOG_COMPILER_APPICON_NAME = AppIcon;
				CLANG_ENABLE_MODULES = YES;
				CODE_SIGN_IDENTITY = "iPhone Developer";
				"CODE_SIGN_IDENTITY[sdk=iphoneos*]" = "iPhone Developer";
				FRAMEWORK_SEARCH_PATHS = (
					"$(inherited)",
					"/Users/brentkirkland/Desktop/PLEEBVERSIONONE/realm-cocoa/build/ios",
					"/Users/brentkirkland/Desktop/PLEEBVERSIONONE/realm-cocoa/ios",
				);
				INFOPLIST_FILE = Pleeb/Info.plist;
				IPHONEOS_DEPLOYMENT_TARGET = 8.0;
				LD_RUNPATH_SEARCH_PATHS = "$(inherited) @executable_path/Frameworks";
				PRODUCT_NAME = "$(TARGET_NAME)";
				PROVISIONING_PROFILE = "";
				SWIFT_OBJC_BRIDGING_HEADER = "Pleeb/Pleeb-Bridging-Header.h";
				TARGETED_DEVICE_FAMILY = 1;
			};
			name = Release;
		};
		C7058FDD1AA1936F0098CF61 /* Debug */ = {
			isa = XCBuildConfiguration;
			buildSettings = {
				BUNDLE_LOADER = "$(TEST_HOST)";
				FRAMEWORK_SEARCH_PATHS = (
					"$(SDKROOT)/Developer/Library/Frameworks",
					"$(inherited)",
				);
				GCC_PREPROCESSOR_DEFINITIONS = (
					"DEBUG=1",
					"$(inherited)",
				);
				INFOPLIST_FILE = PleebTests/Info.plist;
				LD_RUNPATH_SEARCH_PATHS = "$(inherited) @executable_path/Frameworks @loader_path/Frameworks";
				PRODUCT_NAME = "$(TARGET_NAME)";
				TEST_HOST = "$(BUILT_PRODUCTS_DIR)/Pleeb.app/Pleeb";
			};
			name = Debug;
		};
		C7058FDE1AA1936F0098CF61 /* Release */ = {
			isa = XCBuildConfiguration;
			buildSettings = {
				BUNDLE_LOADER = "$(TEST_HOST)";
				FRAMEWORK_SEARCH_PATHS = (
					"$(SDKROOT)/Developer/Library/Frameworks",
					"$(inherited)",
				);
				INFOPLIST_FILE = PleebTests/Info.plist;
				LD_RUNPATH_SEARCH_PATHS = "$(inherited) @executable_path/Frameworks @loader_path/Frameworks";
				PRODUCT_NAME = "$(TARGET_NAME)";
				TEST_HOST = "$(BUILT_PRODUCTS_DIR)/Pleeb.app/Pleeb";
			};
			name = Release;
		};
/* End XCBuildConfiguration section */

/* Begin XCConfigurationList section */
		C7058FB51AA1936F0098CF61 /* Build configuration list for PBXProject "Pleeb" */ = {
			isa = XCConfigurationList;
			buildConfigurations = (
				C7058FD71AA1936F0098CF61 /* Debug */,
				C7058FD81AA1936F0098CF61 /* Release */,
			);
			defaultConfigurationIsVisible = 0;
			defaultConfigurationName = Release;
		};
		C7058FD91AA1936F0098CF61 /* Build configuration list for PBXNativeTarget "Livv" */ = {
			isa = XCConfigurationList;
			buildConfigurations = (
				C7058FDA1AA1936F0098CF61 /* Debug */,
				C7058FDB1AA1936F0098CF61 /* Release */,
			);
			defaultConfigurationIsVisible = 0;
			defaultConfigurationName = Release;
		};
		C7058FDC1AA1936F0098CF61 /* Build configuration list for PBXNativeTarget "PleebTests" */ = {
			isa = XCConfigurationList;
			buildConfigurations = (
				C7058FDD1AA1936F0098CF61 /* Debug */,
				C7058FDE1AA1936F0098CF61 /* Release */,
			);
			defaultConfigurationIsVisible = 0;
			defaultConfigurationName = Release;
		};
/* End XCConfigurationList section */
	};
	rootObject = C7058FB21AA1936F0098CF61 /* Project object */;
}
